
Microsoft Visual Studio Solution File, Format Version 12.00
# Visual Studio 15
VisualStudioVersion = 15.0.26430.12
MinimumVisualStudioVersion = 10.0.40219.1
Project("{FAE04EC0-301F-11D3-BF4B-00C04F79EFBC}") = "Zombie Attack", "Zombie Attack\Zombie Attack.csproj", "{8A2C71F0-6058-485F-920F-023A9D7A21CA}"
EndProject
Project("{FAE04EC0-301F-11D3-BF4B-00C04F79EFBC}") = "engine", "engine\engine.csproj", "{56E9C905-9DCC-4744-8184-D2EEF2BA6875}"
EndProject
Global
	GlobalSection(SolutionConfigurationPlatforms) = preSolution
		Debug|Any CPU = Debug|Any CPU
		Release|Any CPU = Release|Any CPU
	EndGlobalSection
	GlobalSection(ProjectConfigurationPlatforms) = postSolution
		{8A2C71F0-6058-485F-920F-023A9D7A21CA}.Debug|Any CPU.ActiveCfg = Debug|Any CPU
		{8A2C71F0-6058-485F-920F-023A9D7A21CA}.Debug|Any CPU.Build.0 = Debug|Any CPU
		{8A2C71F0-6058-485F-920F-023A9D7A21CA}.Release|Any CPU.ActiveCfg = Release|Any CPU
		{8A2C71F0-6058-485F-920F-023A9D7A21CA}.Release|Any CPU.Build.0 = Release|Any CPU
		{56E9C905-9DCC-4744-8184-D2EEF2BA6875}.Debug|Any CPU.ActiveCfg = Debug|Any CPU
		{56E9C905-9DCC-4744-8184-D2EEF2BA6875}.Debug|Any CPU.Build.0 = Debug|Any CPU
		{56E9C905-9DCC-4744-8184-D2EEF2BA6875}.Release|Any CPU.ActiveCfg = Release|Any CPU
		{56E9C905-9DCC-4744-8184-D2EEF2BA6875}.Release|Any CPU.Build.0 = Release|Any CPU
	EndGlobalSection
	GlobalSection(SolutionProperties) = preSolution
		HideSolutionNode = FALSE
	EndGlobalSection
EndGlobal
